
Microsoft Visual Studio Solution File, Format Version 12.00
# Visual Studio Version 16
VisualStudioVersion = 16.0.29709.97
MinimumVisualStudioVersion = 10.0.40219.1
Project("{FAE04EC0-301F-11D3-BF4B-00C04F79EFBC}") = "包装后段测试", "包装后段测试.csproj", "{09248F24-7E83-4600-806B-3C8201A76883}"
EndProject
Project("{FAE04EC0-301F-11D3-BF4B-00C04F79EFBC}") = "包装队列显示", "..\包装队列显示\包装队列显示.csproj", "{2C4E168A-E143-442A-9054-931E75771C93}"
EndProject
Global
	GlobalSection(SolutionConfigurationPlatforms) = preSolution
		Debug|Any CPU = Debug|Any CPU
		Release|Any CPU = Release|Any CPU
	EndGlobalSection
	GlobalSection(ProjectConfigurationPlatforms) = postSolution
		{09248F24-7E83-4600-806B-3C8201A76883}.Debug|Any CPU.ActiveCfg = Debug|Any CPU
		{09248F24-7E83-4600-806B-3C8201A76883}.Debug|Any CPU.Build.0 = Debug|Any CPU
		{09248F24-7E83-4600-806B-3C8201A76883}.Release|Any CPU.ActiveCfg = Release|Any CPU
		{09248F24-7E83-4600-806B-3C8201A76883}.Release|Any CPU.Build.0 = Release|Any CPU
		{2C4E168A-E143-442A-9054-931E75771C93}.Debug|Any CPU.ActiveCfg = Debug|Any CPU
		{2C4E168A-E143-442A-9054-931E75771C93}.Debug|Any CPU.Build.0 = Debug|Any CPU
		{2C4E168A-E143-442A-9054-931E75771C93}.Release|Any CPU.ActiveCfg = Release|Any CPU
		{2C4E168A-E143-442A-9054-931E75771C93}.Release|Any CPU.Build.0 = Release|Any CPU
	EndGlobalSection
	GlobalSection(SolutionProperties) = preSolution
		HideSolutionNode = FALSE
	EndGlobalSection
	GlobalSection(ExtensibilityGlobals) = postSolution
		SolutionGuid = {C61EC3EB-0A5B-4F4E-8874-F154F9BE0D9B}
	EndGlobalSection
EndGlobal
