
Microsoft Visual Studio Solution File, Format Version 12.00
# Visual Studio Version 16
VisualStudioVersion = 16.0.29613.14
MinimumVisualStudioVersion = 10.0.40219.1
Project("{FAE04EC0-301F-11D3-BF4B-00C04F79EFBC}") = "包装后段测试", "包装后段测试.csproj", "{09248F24-7E83-4600-806B-3C8201A76883}"
EndProject
Global
	GlobalSection(SolutionConfigurationPlatforms) = preSolution
		Debug|Any CPU = Debug|Any CPU
		Release|Any CPU = Release|Any CPU
	EndGlobalSection
	GlobalSection(ProjectConfigurationPlatforms) = postSolution
		{09248F24-7E83-4600-806B-3C8201A76883}.Debug|Any CPU.ActiveCfg = Debug|Any CPU
		{09248F24-7E83-4600-806B-3C8201A76883}.Debug|Any CPU.Build.0 = Debug|Any CPU
		{09248F24-7E83-4600-806B-3C8201A76883}.Release|Any CPU.ActiveCfg = Release|Any CPU
		{09248F24-7E83-4600-806B-3C8201A76883}.Release|Any CPU.Build.0 = Release|Any CPU
	EndGlobalSection
	GlobalSection(SolutionProperties) = preSolution
		HideSolutionNode = FALSE
	EndGlobalSection
	GlobalSection(ExtensibilityGlobals) = postSolution
		SolutionGuid = {8C37B94E-F2CB-470A-A223-6B46006BCA54}
	EndGlobalSection
EndGlobal
